
Microsoft Visual Studio Solution File, Format Version 12.00
# Visual Studio 15
VisualStudioVersion = 15.0.28307.421
MinimumVisualStudioVersion = 10.0.40219.1
Project("{FAE04EC0-301F-11D3-BF4B-00C04F79EFBC}") = "Clase Algebra Lineal", "Clase Algebra Lineal\Clase Algebra Lineal.csproj", "{EB01B1CA-ED40-4E8F-9E0E-4A0DCD80A280}"
EndProject
Global
	GlobalSection(SolutionConfigurationPlatforms) = preSolution
		Debug|Any CPU = Debug|Any CPU
		Release|Any CPU = Release|Any CPU
	EndGlobalSection
	GlobalSection(ProjectConfigurationPlatforms) = postSolution
		{EB01B1CA-ED40-4E8F-9E0E-4A0DCD80A280}.Debug|Any CPU.ActiveCfg = Debug|Any CPU
		{EB01B1CA-ED40-4E8F-9E0E-4A0DCD80A280}.Debug|Any CPU.Build.0 = Debug|Any CPU
		{EB01B1CA-ED40-4E8F-9E0E-4A0DCD80A280}.Release|Any CPU.ActiveCfg = Release|Any CPU
		{EB01B1CA-ED40-4E8F-9E0E-4A0DCD80A280}.Release|Any CPU.Build.0 = Release|Any CPU
	EndGlobalSection
	GlobalSection(SolutionProperties) = preSolution
		HideSolutionNode = FALSE
	EndGlobalSection
	GlobalSection(ExtensibilityGlobals) = postSolution
		SolutionGuid = {E0E43746-A1E1-4FF6-A880-5B352ECF25D0}
	EndGlobalSection
EndGlobal
